
Microsoft Visual Studio Solution File, Format Version 12.00
# Visual Studio Version 17
VisualStudioVersion = 17.10.35004.147
MinimumVisualStudioVersion = 10.0.40219.1
Project("{9A19103F-16F7-4668-BE54-9A1E7A4F7556}") = "Threads", "Threads\Threads.csproj", "{06453509-BC35-44F7-A8A5-90C8C4E21816}"
EndProject
Project("{9A19103F-16F7-4668-BE54-9A1E7A4F7556}") = "Tasks", "Tasks\Tasks.csproj", "{4E768F94-3B3A-44B9-A6FF-C17556DB1076}"
EndProject
Project("{FAE04EC0-301F-11D3-BF4B-00C04F79EFBC}") = "SetThreadPool", "SetThreadPool\SetThreadPool.csproj", "{61297CE2-864A-4FD1-8D2D-71B2A205945C}"
EndProject
Project("{FAE04EC0-301F-11D3-BF4B-00C04F79EFBC}") = "ApiTest", "ApiTest\ApiTest.csproj", "{C5F83283-0854-4B1E-836A-60D71A6892F2}"
EndProject
Global
	GlobalSection(SolutionConfigurationPlatforms) = preSolution
		Debug|Any CPU = Debug|Any CPU
		Release|Any CPU = Release|Any CPU
	EndGlobalSection
	GlobalSection(ProjectConfigurationPlatforms) = postSolution
		{06453509-BC35-44F7-A8A5-90C8C4E21816}.Debug|Any CPU.ActiveCfg = Debug|Any CPU
		{06453509-BC35-44F7-A8A5-90C8C4E21816}.Debug|Any CPU.Build.0 = Debug|Any CPU
		{06453509-BC35-44F7-A8A5-90C8C4E21816}.Release|Any CPU.ActiveCfg = Release|Any CPU
		{06453509-BC35-44F7-A8A5-90C8C4E21816}.Release|Any CPU.Build.0 = Release|Any CPU
		{4E768F94-3B3A-44B9-A6FF-C17556DB1076}.Debug|Any CPU.ActiveCfg = Debug|Any CPU
		{4E768F94-3B3A-44B9-A6FF-C17556DB1076}.Debug|Any CPU.Build.0 = Debug|Any CPU
		{4E768F94-3B3A-44B9-A6FF-C17556DB1076}.Release|Any CPU.ActiveCfg = Release|Any CPU
		{4E768F94-3B3A-44B9-A6FF-C17556DB1076}.Release|Any CPU.Build.0 = Release|Any CPU
		{61297CE2-864A-4FD1-8D2D-71B2A205945C}.Debug|Any CPU.ActiveCfg = Debug|Any CPU
		{61297CE2-864A-4FD1-8D2D-71B2A205945C}.Debug|Any CPU.Build.0 = Debug|Any CPU
		{61297CE2-864A-4FD1-8D2D-71B2A205945C}.Release|Any CPU.ActiveCfg = Release|Any CPU
		{61297CE2-864A-4FD1-8D2D-71B2A205945C}.Release|Any CPU.Build.0 = Release|Any CPU
		{C5F83283-0854-4B1E-836A-60D71A6892F2}.Debug|Any CPU.ActiveCfg = Debug|Any CPU
		{C5F83283-0854-4B1E-836A-60D71A6892F2}.Debug|Any CPU.Build.0 = Debug|Any CPU
		{C5F83283-0854-4B1E-836A-60D71A6892F2}.Release|Any CPU.ActiveCfg = Release|Any CPU
		{C5F83283-0854-4B1E-836A-60D71A6892F2}.Release|Any CPU.Build.0 = Release|Any CPU
	EndGlobalSection
	GlobalSection(SolutionProperties) = preSolution
		HideSolutionNode = FALSE
	EndGlobalSection
	GlobalSection(ExtensibilityGlobals) = postSolution
		SolutionGuid = {D9A208CC-4F3D-4F43-99FF-94C3B0C6C8B1}
	EndGlobalSection
EndGlobal
